<?xml version="1.0" encoding="utf-8"?>
<Project ToolsVersion="4.0" xmlns="http://schemas.microsoft.com/developer/msbuild/2003">
  <ItemGroup>
    <Filter Include="core">
      <UniqueIdentifier>{7343f606-98c1-4da0-a973-fe58499561e6}</UniqueIdentifier>
    </Filter>
    <Filter Include="models">
      <UniqueIdentifier>{2ac9b805-214a-41f3-ba81-c44c330d8688}</UniqueIdentifier>
    </Filter>
    <Filter Include="managers">
      <UniqueIdentifier>{2ada5bac-6852-4739-b936-d8457006b8f0}</UniqueIdentifier>
    </Filter>
    <Filter Include="storage">
      <UniqueIdentifier>{e89a9b73-b361-4797-be06-a208a1af7319}</UniqueIdentifier>
    </Filter>
    <Filter Include="system">
      <UniqueIdentifier>{af770ec3-304d-4a86-896f-9da10dc2ac93}</UniqueIdentifier>
    </Filter>
    <Filter Include="scr">
      <UniqueIdentifier>{4FC737F1-C7A5-4376-A066-2A32D752A2FF}</UniqueIdentifier>
      <Extensions>cpp;c;cc;cxx;c++;cppm;ixx;def;odl;idl;hpj;bat;asm;asmx</Extensions>
    </Filter>
  </ItemGroup>
  <ItemGroup>
    <ClCompile Include="main.cpp">
      <Filter>scr</Filter>
    </ClCompile>
  </ItemGroup>
</Project>